lockfileVersion: '9.0'

settings:
  autoInstallPeers: true
  excludeLinksFromLockfile: false

importers:

  .:
    dependencies:
      json-2-csv:
        specifier: ^5.5.1
        version: 5.5.1
    devDependencies:
      '@types/node':
        specifier: ^20.11.30
        version: 20.11.30

packages:

  '@types/node@20.11.30':
    resolution: {integrity: sha512-dHM6ZxwlmuZaRmUPfv1p+KrdD1Dci04FbdEm/9wEMouFqxYoFl5aMkt0VMAUtYRQDyYvD41WJLukhq/ha3YuTw==}

  deeks@3.1.0:
    resolution: {integrity: sha512-e7oWH1LzIdv/prMQ7pmlDlaVoL64glqzvNgkgQNgyec9ORPHrT2jaOqMtRyqJuwWjtfb6v+2rk9pmaHj+F137A==}
    engines: {node: '>= 16'}

  doc-path@4.1.1:
    resolution: {integrity: sha512-h1ErTglQAVv2gCnOpD3sFS6uolDbOKHDU1BZq+Kl3npPqroU3dYL42lUgMfd5UimlwtRgp7C9dLGwqQ5D2HYgQ==}
    engines: {node: '>=16'}

  json-2-csv@5.5.1:
    resolution: {integrity: sha512-KgAtAXTQopRwe90gh8SgjRSxgt9bUWbGAPMo9W0TZLA8SqiQH7khtagFfeEUjG3NBPwJu/+9uX5pMvunKaPvrQ==}
    engines: {node: '>= 16'}

  undici-types@5.26.5:
    resolution: {integrity: sha512-JlCMO+ehdEIKqlFxk6IfVoAUVmgz7cU7zD/h9XZ0qzeosSHmUJVOzSQvvYSYWXkFXC+IfLKSIffhv0sVZup6pA==}

snapshots:

  '@types/node@20.11.30':
    dependencies:
      undici-types: 5.26.5

  deeks@3.1.0: {}

  doc-path@4.1.1: {}

  json-2-csv@5.5.1:
    dependencies:
      deeks: 3.1.0
      doc-path: 4.1.1

  undici-types@5.26.5: {}
